
Microsoft Visual Studio Solution File, Format Version 12.00
# Visual Studio Version 17
VisualStudioVersion = 17.14.37027.9
MinimumVisualStudioVersion = 10.0.40219.1
Project("{FAE04EC0-301F-11D3-BF4B-00C04F79EFBC}") = "TaxiERP.Auth.Domain", "TaxiERP.Auth.Domain\TaxiERP.Auth.Domain.csproj", "{89C5DC0F-33D3-494A-85FD-E4FDBFFF22B1}"
EndProject
Project("{FAE04EC0-301F-11D3-BF4B-00C04F79EFBC}") = "TaxiERP.Auth.Application", "TaxiERP.Auth.Application\TaxiERP.Auth.Application.csproj", "{4CF05E2D-36DC-4E8A-8D24-38F972FA6AEF}"
EndProject
Project("{FAE04EC0-301F-11D3-BF4B-00C04F79EFBC}") = "TaxiERP.Auth.Infrastructure", "TaxiERP.Auth.Infrastructure\TaxiERP.Auth.Infrastructure.csproj", "{85333BE2-2E2F-4388-B5B0-A47A4E5C5424}"
EndProject
Project("{2150E333-8FDC-42A3-9474-1A3956D46DE8}") = "Itens de Solução", "Itens de Solução", "{380A7511-A354-6D7A-0CC0-8FA1F1BA7B6C}"
	ProjectSection(SolutionItems) = preProject
		.gitignore = .gitignore
	EndProjectSection
EndProject
Project("{FAE04EC0-301F-11D3-BF4B-00C04F79EFBC}") = "TaxiERP.Auth.API", "TaxiERP.Auth.API\TaxiERP.Auth.API.csproj", "{D0E2455C-941E-493C-BC91-23F0B8D50C1D}"
EndProject
Global
	GlobalSection(SolutionConfigurationPlatforms) = preSolution
		Debug|Any CPU = Debug|Any CPU
		Release|Any CPU = Release|Any CPU
	EndGlobalSection
	GlobalSection(ProjectConfigurationPlatforms) = postSolution
		{89C5DC0F-33D3-494A-85FD-E4FDBFFF22B1}.Debug|Any CPU.ActiveCfg = Debug|Any CPU
		{89C5DC0F-33D3-494A-85FD-E4FDBFFF22B1}.Debug|Any CPU.Build.0 = Debug|Any CPU
		{89C5DC0F-33D3-494A-85FD-E4FDBFFF22B1}.Release|Any CPU.ActiveCfg = Release|Any CPU
		{89C5DC0F-33D3-494A-85FD-E4FDBFFF22B1}.Release|Any CPU.Build.0 = Release|Any CPU
		{4CF05E2D-36DC-4E8A-8D24-38F972FA6AEF}.Debug|Any CPU.ActiveCfg = Debug|Any CPU
		{4CF05E2D-36DC-4E8A-8D24-38F972FA6AEF}.Debug|Any CPU.Build.0 = Debug|Any CPU
		{4CF05E2D-36DC-4E8A-8D24-38F972FA6AEF}.Release|Any CPU.ActiveCfg = Release|Any CPU
		{4CF05E2D-36DC-4E8A-8D24-38F972FA6AEF}.Release|Any CPU.Build.0 = Release|Any CPU
		{85333BE2-2E2F-4388-B5B0-A47A4E5C5424}.Debug|Any CPU.ActiveCfg = Debug|Any CPU
		{85333BE2-2E2F-4388-B5B0-A47A4E5C5424}.Debug|Any CPU.Build.0 = Debug|Any CPU
		{85333BE2-2E2F-4388-B5B0-A47A4E5C5424}.Release|Any CPU.ActiveCfg = Release|Any CPU
		{85333BE2-2E2F-4388-B5B0-A47A4E5C5424}.Release|Any CPU.Build.0 = Release|Any CPU
		{D0E2455C-941E-493C-BC91-23F0B8D50C1D}.Debug|Any CPU.ActiveCfg = Debug|Any CPU
		{D0E2455C-941E-493C-BC91-23F0B8D50C1D}.Debug|Any CPU.Build.0 = Debug|Any CPU
		{D0E2455C-941E-493C-BC91-23F0B8D50C1D}.Release|Any CPU.ActiveCfg = Release|Any CPU
		{D0E2455C-941E-493C-BC91-23F0B8D50C1D}.Release|Any CPU.Build.0 = Release|Any CPU
	EndGlobalSection
	GlobalSection(SolutionProperties) = preSolution
		HideSolutionNode = FALSE
	EndGlobalSection
	GlobalSection(ExtensibilityGlobals) = postSolution
		SolutionGuid = {1A09EA02-B730-4580-BC12-DC7109626AB7}
	EndGlobalSection
EndGlobal
